
Microsoft Visual Studio Solution File, Format Version 12.00
# Visual Studio Version 17
VisualStudioVersion = 17.9.34723.18
MinimumVisualStudioVersion = 10.0.40219.1
Project("{FAE04EC0-301F-11D3-BF4B-00C04F79EFBC}") = "ClientManagerApp", "ClientManagerApp.csproj", "{AF7BB8CC-3594-4716-A050-C22FFE481E42}"
EndProject
Global
	GlobalSection(SolutionConfigurationPlatforms) = preSolution
		Debug|Any CPU = Debug|Any CPU
		Release|Any CPU = Release|Any CPU
	EndGlobalSection
	GlobalSection(ProjectConfigurationPlatforms) = postSolution
		{AF7BB8CC-3594-4716-A050-C22FFE481E42}.Debug|Any CPU.ActiveCfg = Debug|Any CPU
		{AF7BB8CC-3594-4716-A050-C22FFE481E42}.Debug|Any CPU.Build.0 = Debug|Any CPU
		{AF7BB8CC-3594-4716-A050-C22FFE481E42}.Release|Any CPU.ActiveCfg = Release|Any CPU
		{AF7BB8CC-3594-4716-A050-C22FFE481E42}.Release|Any CPU.Build.0 = Release|Any CPU
	EndGlobalSection
	GlobalSection(SolutionProperties) = preSolution
		HideSolutionNode = FALSE
	EndGlobalSection
	GlobalSection(ExtensibilityGlobals) = postSolution
		SolutionGuid = {9AA3D05D-94A8-4320-BE18-1C7EB4CFCAC0}
	EndGlobalSection
EndGlobal
